
Microsoft Visual Studio Solution File, Format Version 12.00
# Visual Studio Version 16
VisualStudioVersion = 16.0.30204.135
MinimumVisualStudioVersion = 10.0.40219.1
Project("{9A19103F-16F7-4668-BE54-9A1E7A4F7556}") = "Fermezza", "Fermezza.csproj", "{7070EE70-A81C-411D-9C39-1D314F86CFD9}"
EndProject
Global
	GlobalSection(SolutionConfigurationPlatforms) = preSolution
		Debug|Any CPU = Debug|Any CPU
		Release|Any CPU = Release|Any CPU
	EndGlobalSection
	GlobalSection(ProjectConfigurationPlatforms) = postSolution
		{7070EE70-A81C-411D-9C39-1D314F86CFD9}.Debug|Any CPU.ActiveCfg = Debug|Any CPU
		{7070EE70-A81C-411D-9C39-1D314F86CFD9}.Debug|Any CPU.Build.0 = Debug|Any CPU
		{7070EE70-A81C-411D-9C39-1D314F86CFD9}.Release|Any CPU.ActiveCfg = Release|Any CPU
		{7070EE70-A81C-411D-9C39-1D314F86CFD9}.Release|Any CPU.Build.0 = Release|Any CPU
	EndGlobalSection
	GlobalSection(SolutionProperties) = preSolution
		HideSolutionNode = FALSE
	EndGlobalSection
	GlobalSection(ExtensibilityGlobals) = postSolution
		SolutionGuid = {D2C59048-76DE-42CB-9353-EF0A7F002B2D}
	EndGlobalSection
EndGlobal
